
Microsoft Visual Studio Solution File, Format Version 12.00
# Visual Studio 14
VisualStudioVersion = 14.0.25420.1
MinimumVisualStudioVersion = 10.0.40219.1
Project("{FAE04EC0-301F-11D3-BF4B-00C04F79EFBC}") = "potapanjeBrodova", "potapanjeBrodova\potapanjeBrodova.csproj", "{A0E9B32A-D1FF-49B9-ACF4-F2030B74EAF2}"
EndProject
Project("{FAE04EC0-301F-11D3-BF4B-00C04F79EFBC}") = "Test", "Test\Test.csproj", "{2537CF5D-EAF2-4DCF-AA71-F01DF64D963F}"
EndProject
Global
	GlobalSection(SolutionConfigurationPlatforms) = preSolution
		Debug|Any CPU = Debug|Any CPU
		Release|Any CPU = Release|Any CPU
	EndGlobalSection
	GlobalSection(ProjectConfigurationPlatforms) = postSolution
		{A0E9B32A-D1FF-49B9-ACF4-F2030B74EAF2}.Debug|Any CPU.ActiveCfg = Debug|Any CPU
		{A0E9B32A-D1FF-49B9-ACF4-F2030B74EAF2}.Debug|Any CPU.Build.0 = Debug|Any CPU
		{A0E9B32A-D1FF-49B9-ACF4-F2030B74EAF2}.Release|Any CPU.ActiveCfg = Release|Any CPU
		{A0E9B32A-D1FF-49B9-ACF4-F2030B74EAF2}.Release|Any CPU.Build.0 = Release|Any CPU
		{2537CF5D-EAF2-4DCF-AA71-F01DF64D963F}.Debug|Any CPU.ActiveCfg = Debug|Any CPU
		{2537CF5D-EAF2-4DCF-AA71-F01DF64D963F}.Debug|Any CPU.Build.0 = Debug|Any CPU
		{2537CF5D-EAF2-4DCF-AA71-F01DF64D963F}.Release|Any CPU.ActiveCfg = Release|Any CPU
		{2537CF5D-EAF2-4DCF-AA71-F01DF64D963F}.Release|Any CPU.Build.0 = Release|Any CPU
	EndGlobalSection
	GlobalSection(SolutionProperties) = preSolution
		HideSolutionNode = FALSE
	EndGlobalSection
EndGlobal
